// !$*UTF8*$!
{
	archiveVersion = 1;
	classes = {
	};
	objectVersion = 55;
	objects = {

/* Begin PBXBuildFile section */
		F202073427F6F61A00529E8A /* PlayerTests.swift in Sources */ = {isa = PBXBuildFile; fileRef = F202073327F6F61A00529E8A /* PlayerTests.swift */; };
		F223552B27E2D0D300CA48EB /* Tile.swift in Sources */ = {isa = PBXBuildFile; fileRef = F223552A27E2D0D300CA48EB /* Tile.swift */; };
		F223552D27E2D1D100CA48EB /* CollectionViewExtension.swift in Sources */ = {isa = PBXBuildFile; fileRef = F223552C27E2D1D100CA48EB /* CollectionViewExtension.swift */; };
		F223553027E2DA5600CA48EB /* Player.swift in Sources */ = {isa = PBXBuildFile; fileRef = F223552F27E2DA5600CA48EB /* Player.swift */; };
		F223553227E2DFD900CA48EB /* SnakeAndLadder.swift in Sources */ = {isa = PBXBuildFile; fileRef = F223553127E2DFD900CA48EB /* SnakeAndLadder.swift */; };
		F223553727E2FD4600CA48EB /* myCollectionViewLayout.swift in Sources */ = {isa = PBXBuildFile; fileRef = F223553627E2FD4600CA48EB /* myCollectionViewLayout.swift */; };
		F287BC2B27E451C500197B8B /* Dice.swift in Sources */ = {isa = PBXBuildFile; fileRef = F287BC2A27E451C500197B8B /* Dice.swift */; };
		F2926F9F27E1A52E00D14578 /* AppConfig.swift in Sources */ = {isa = PBXBuildFile; fileRef = F2926F9E27E1A52E00D14578 /* AppConfig.swift */; };
		F2926FA327E1F53200D14578 /* CollectionViewCell.swift in Sources */ = {isa = PBXBuildFile; fileRef = F2926FA227E1F53200D14578 /* CollectionViewCell.swift */; };
		F2A5527E27DDEF4400D0D15C /* AppDelegate.swift in Sources */ = {isa = PBXBuildFile; fileRef = F2A5527D27DDEF4400D0D15C /* AppDelegate.swift */; };
		F2A5528027DDEF4400D0D15C /* SceneDelegate.swift in Sources */ = {isa = PBXBuildFile; fileRef = F2A5527F27DDEF4400D0D15C /* SceneDelegate.swift */; };
		F2A5528227DDEF4400D0D15C /* ViewController.swift in Sources */ = {isa = PBXBuildFile; fileRef = F2A5528127DDEF4400D0D15C /* ViewController.swift */; };
		F2A5528527DDEF4400D0D15C /* Main.storyboard in Resources */ = {isa = PBXBuildFile; fileRef = F2A5528327DDEF4400D0D15C /* Main.storyboard */; };
		F2A5528727DDEF4500D0D15C /* Assets.xcassets in Resources */ = {isa = PBXBuildFile; fileRef = F2A5528627DDEF4500D0D15C /* Assets.xcassets */; };
		F2A5528A27DDEF4500D0D15C /* LaunchScreen.storyboard in Resources */ = {isa = PBXBuildFile; fileRef = F2A5528827DDEF4500D0D15C /* LaunchScreen.storyboard */; };
		F2C4959627E0B2E40067ED90 /* Board.swift in Sources */ = {isa = PBXBuildFile; fileRef = F2C4959527E0B2E40067ED90 /* Board.swift */; };
		F2ECB09527F5ABC7003FD12F /* DiceTests.swift in Sources */ = {isa = PBXBuildFile; fileRef = F2ECB09427F5ABC7003FD12F /* DiceTests.swift */; };
		F2FCA3DB27F2AAD900A56E50 /* Log.swift in Sources */ = {isa = PBXBuildFile; fileRef = F2FCA3DA27F2AAD900A56E50 /* Log.swift */; };
		F2FCA3DF27F2AD6A00A56E50 /* Colors.swift in Sources */ = {isa = PBXBuildFile; fileRef = F2FCA3DE27F2AD6A00A56E50 /* Colors.swift */; };
/* End PBXBuildFile section */

/* Begin PBXContainerItemProxy section */
		F2ECB08E27F5ABAC003FD12F /* PBXContainerItemProxy */ = {
			isa = PBXContainerItemProxy;
			containerPortal = F2A5527227DDEF4400D0D15C /* Project object */;
			proxyType = 1;
			remoteGlobalIDString = F2A5527927DDEF4400D0D15C;
			remoteInfo = SnakesAndLadders;
		};
/* End PBXContainerItemProxy section */

/* Begin PBXFileReference section */
		F202073327F6F61A00529E8A /* PlayerTests.swift */ = {isa = PBXFileReference; lastKnownFileType = sourcecode.swift; path = PlayerTests.swift; sourceTree = "<group>"; };
		F223552A27E2D0D300CA48EB /* Tile.swift */ = {isa = PBXFileReference; lastKnownFileType = sourcecode.swift; path = Tile.swift; sourceTree = "<group>"; };
		F223552C27E2D1D100CA48EB /* CollectionViewExtension.swift */ = {isa = PBXFileReference; lastKnownFileType = sourcecode.swift; path = CollectionViewExtension.swift; sourceTree = "<group>"; };
		F223552F27E2DA5600CA48EB /* Player.swift */ = {isa = PBXFileReference; lastKnownFileType = sourcecode.swift; path = Player.swift; sourceTree = "<group>"; };
		F223553127E2DFD900CA48EB /* SnakeAndLadder.swift */ = {isa = PBXFileReference; lastKnownFileType = sourcecode.swift; path = SnakeAndLadder.swift; sourceTree = "<group>"; };
		F223553627E2FD4600CA48EB /* myCollectionViewLayout.swift */ = {isa = PBXFileReference; lastKnownFileType = sourcecode.swift; path = myCollectionViewLayout.swift; sourceTree = SOURCE_ROOT; };
		F287BC2A27E451C500197B8B /* Dice.swift */ = {isa = PBXFileReference; lastKnownFileType = sourcecode.swift; path = Dice.swift; sourceTree = "<group>"; };
		F2926F9E27E1A52E00D14578 /* AppConfig.swift */ = {isa = PBXFileReference; lastKnownFileType = sourcecode.swift; path = AppConfig.swift; sourceTree = "<group>"; };
		F2926FA227E1F53200D14578 /* CollectionViewCell.swift */ = {isa = PBXFileReference; lastKnownFileType = sourcecode.swift; path = CollectionViewCell.swift; sourceTree = "<group>"; };
		F2A5527A27DDEF4400D0D15C /* SnakesAndLadders.app */ = {isa = PBXFileReference; explicitFileType = wrapper.application; includeInIndex = 0; path = SnakesAndLadders.app; sourceTree = BUILT_PRODUCTS_DIR; };
		F2A5527D27DDEF4400D0D15C /* AppDelegate.swift */ = {isa = PBXFileReference; lastKnownFileType = sourcecode.swift; path = AppDelegate.swift; sourceTree = "<group>"; };
		F2A5527F27DDEF4400D0D15C /* SceneDelegate.swift */ = {isa = PBXFileReference; lastKnownFileType = sourcecode.swift; path = SceneDelegate.swift; sourceTree = "<group>"; };
		F2A5528127DDEF4400D0D15C /* ViewController.swift */ = {isa = PBXFileReference; lastKnownFileType = sourcecode.swift; path = ViewController.swift; sourceTree = "<group>"; };
		F2A5528427DDEF4400D0D15C /* Base */ = {isa = PBXFileReference; lastKnownFileType = file.storyboard; name = Base; path = Base.lproj/Main.storyboard; sourceTree = "<group>"; };
		F2A5528627DDEF4500D0D15C /* Assets.xcassets */ = {isa = PBXFileReference; lastKnownFileType = folder.assetcatalog; path = Assets.xcassets; sourceTree = "<group>"; };
		F2A5528927DDEF4500D0D15C /* Base */ = {isa = PBXFileReference; lastKnownFileType = file.storyboard; name = Base; path = Base.lproj/LaunchScreen.storyboard; sourceTree = "<group>"; };
		F2A5528B27DDEF4500D0D15C /* Info.plist */ = {isa = PBXFileReference; lastKnownFileType = text.plist.xml; path = Info.plist; sourceTree = "<group>"; };
		F2C4959527E0B2E40067ED90 /* Board.swift */ = {isa = PBXFileReference; lastKnownFileType = sourcecode.swift; path = Board.swift; sourceTree = "<group>"; };
		F2ECB08A27F5ABAC003FD12F /* SnakesAndLaddersTests.xctest */ = {isa = PBXFileReference; explicitFileType = wrapper.cfbundle; includeInIndex = 0; path = SnakesAndLaddersTests.xctest; sourceTree = BUILT_PRODUCTS_DIR; };
		F2ECB09327F5ABC7003FD12F /* SnakesAndLaddersTests-Bridging-Header.h */ = {isa = PBXFileReference; lastKnownFileType = sourcecode.c.h; path = "SnakesAndLaddersTests-Bridging-Header.h"; sourceTree = "<group>"; };
		F2ECB09427F5ABC7003FD12F /* DiceTests.swift */ = {isa = PBXFileReference; lastKnownFileType = sourcecode.swift; path = DiceTests.swift; sourceTree = "<group>"; };
		F2FCA3DA27F2AAD900A56E50 /* Log.swift */ = {isa = PBXFileReference; lastKnownFileType = sourcecode.swift; path = Log.swift; sourceTree = "<group>"; };
		F2FCA3DE27F2AD6A00A56E50 /* Colors.swift */ = {isa = PBXFileReference; lastKnownFileType = sourcecode.swift; path = Colors.swift; sourceTree = "<group>"; };
/* End PBXFileReference section */

/* Begin PBXFrameworksBuildPhase section */
		F2A5527727DDEF4400D0D15C /* Frameworks */ = {
			isa = PBXFrameworksBuildPhase;
			buildActionMask = 2147483647;
			files = (
			);
			runOnlyForDeploymentPostprocessing = 0;
		};
		F2ECB08727F5ABAC003FD12F /* Frameworks */ = {
			isa = PBXFrameworksBuildPhase;
			buildActionMask = 2147483647;
			files = (
			);
			runOnlyForDeploymentPostprocessing = 0;
		};
/* End PBXFrameworksBuildPhase section */

/* Begin PBXGroup section */
		F223552E27E2D23800CA48EB /* Controllers */ = {
			isa = PBXGroup;
			children = (
				F223553627E2FD4600CA48EB /* myCollectionViewLayout.swift */,
				F2A5528127DDEF4400D0D15C /* ViewController.swift */,
				F223552C27E2D1D100CA48EB /* CollectionViewExtension.swift */,
				F2926FA227E1F53200D14578 /* CollectionViewCell.swift */,
			);
			path = Controllers;
			sourceTree = "<group>";
		};
		F2A5527127DDEF4400D0D15C = {
			isa = PBXGroup;
			children = (
				F2A5527C27DDEF4400D0D15C /* SnakesAndLadders */,
				F2ECB08B27F5ABAC003FD12F /* SnakesAndLaddersTests */,
				F2A5527B27DDEF4400D0D15C /* Products */,
			);
			sourceTree = "<group>";
		};
		F2A5527B27DDEF4400D0D15C /* Products */ = {
			isa = PBXGroup;
			children = (
				F2A5527A27DDEF4400D0D15C /* SnakesAndLadders.app */,
				F2ECB08A27F5ABAC003FD12F /* SnakesAndLaddersTests.xctest */,
			);
			name = Products;
			sourceTree = "<group>";
		};
		F2A5527C27DDEF4400D0D15C /* SnakesAndLadders */ = {
			isa = PBXGroup;
			children = (
				F2A5527D27DDEF4400D0D15C /* AppDelegate.swift */,
				F2A5527F27DDEF4400D0D15C /* SceneDelegate.swift */,
				F2FCA3DC27F2AC3C00A56E50 /* Helpers */,
				F2FCA3DD27F2AC4300A56E50 /* Config */,
				F2C4959727E0B2ED0067ED90 /* Models */,
				F223552E27E2D23800CA48EB /* Controllers */,
				F2A5528327DDEF4400D0D15C /* Main.storyboard */,
				F2A5528627DDEF4500D0D15C /* Assets.xcassets */,
				F2A5528827DDEF4500D0D15C /* LaunchScreen.storyboard */,
				F2A5528B27DDEF4500D0D15C /* Info.plist */,
			);
			path = SnakesAndLadders;
			sourceTree = "<group>";
		};
		F2C4959727E0B2ED0067ED90 /* Models */ = {
			isa = PBXGroup;
			children = (
				F223553127E2DFD900CA48EB /* SnakeAndLadder.swift */,
				F2C4959527E0B2E40067ED90 /* Board.swift */,
				F223552A27E2D0D300CA48EB /* Tile.swift */,
				F223552F27E2DA5600CA48EB /* Player.swift */,
				F287BC2A27E451C500197B8B /* Dice.swift */,
			);
			path = Models;
			sourceTree = "<group>";
		};
		F2ECB08B27F5ABAC003FD12F /* SnakesAndLaddersTests */ = {
			isa = PBXGroup;
			children = (
				F2ECB09427F5ABC7003FD12F /* DiceTests.swift */,
				F2ECB09327F5ABC7003FD12F /* SnakesAndLaddersTests-Bridging-Header.h */,
				F202073327F6F61A00529E8A /* PlayerTests.swift */,
			);
			path = SnakesAndLaddersTests;
			sourceTree = "<group>";
		};
		F2FCA3DC27F2AC3C00A56E50 /* Helpers */ = {
			isa = PBXGroup;
			children = (
				F2FCA3DA27F2AAD900A56E50 /* Log.swift */,
				F2FCA3DE27F2AD6A00A56E50 /* Colors.swift */,
			);
			path = Helpers;
			sourceTree = "<group>";
		};
		F2FCA3DD27F2AC4300A56E50 /* Config */ = {
			isa = PBXGroup;
			children = (
				F2926F9E27E1A52E00D14578 /* AppConfig.swift */,
			);
			path = Config;
			sourceTree = "<group>";
		};
/* End PBXGroup section */

/* Begin PBXNativeTarget section */
		F2A5527927DDEF4400D0D15C /* SnakesAndLadders */ = {
			isa = PBXNativeTarget;
			buildConfigurationList = F2A5528E27DDEF4500D0D15C /* Build configuration list for PBXNativeTarget "SnakesAndLadders" */;
			buildPhases = (
				F2A5527627DDEF4400D0D15C /* Sources */,
				F2A5527727DDEF4400D0D15C /* Frameworks */,
				F2A5527827DDEF4400D0D15C /* Resources */,
			);
			buildRules = (
			);
			dependencies = (
			);
			name = SnakesAndLadders;
			productName = SnakesAndLadders;
			productReference = F2A5527A27DDEF4400D0D15C /* SnakesAndLadders.app */;
			productType = "com.apple.product-type.application";
		};
		F2ECB08927F5ABAC003FD12F /* SnakesAndLaddersTests */ = {
			isa = PBXNativeTarget;
			buildConfigurationList = F2ECB09027F5ABAC003FD12F /* Build configuration list for PBXNativeTarget "SnakesAndLaddersTests" */;
			buildPhases = (
				F2ECB08627F5ABAC003FD12F /* Sources */,
				F2ECB08727F5ABAC003FD12F /* Frameworks */,
				F2ECB08827F5ABAC003FD12F /* Resources */,
			);
			buildRules = (
			);
			dependencies = (
				F2ECB08F27F5ABAC003FD12F /* PBXTargetDependency */,
			);
			name = SnakesAndLaddersTests;
			productName = SnakesAndLaddersTests;
			productReference = F2ECB08A27F5ABAC003FD12F /* SnakesAndLaddersTests.xctest */;
			productType = "com.apple.product-type.bundle.unit-test";
		};
/* End PBXNativeTarget section */

/* Begin PBXProject section */
		F2A5527227DDEF4400D0D15C /* Project object */ = {
			isa = PBXProject;
			attributes = {
				BuildIndependentTargetsInParallel = 1;
				LastSwiftUpdateCheck = 1330;
				LastUpgradeCheck = 1320;
				TargetAttributes = {
					F2A5527927DDEF4400D0D15C = {
						CreatedOnToolsVersion = 13.2.1;
					};
					F2ECB08927F5ABAC003FD12F = {
						CreatedOnToolsVersion = 13.3;
						LastSwiftMigration = 1330;
						TestTargetID = F2A5527927DDEF4400D0D15C;
					};
				};
			};
			buildConfigurationList = F2A5527527DDEF4400D0D15C /* Build configuration list for PBXProject "SnakesAndLadders" */;
			compatibilityVersion = "Xcode 13.0";
			developmentRegion = en;
			hasScannedForEncodings = 0;
			knownRegions = (
				en,
				Base,
			);
			mainGroup = F2A5527127DDEF4400D0D15C;
			productRefGroup = F2A5527B27DDEF4400D0D15C /* Products */;
			projectDirPath = "";
			projectRoot = "";
			targets = (
				F2A5527927DDEF4400D0D15C /* SnakesAndLadders */,
				F2ECB08927F5ABAC003FD12F /* SnakesAndLaddersTests */,
			);
		};
/* End PBXProject section */

/* Begin PBXResourcesBuildPhase section */
		F2A5527827DDEF4400D0D15C /* Resources */ = {
			isa = PBXResourcesBuildPhase;
			buildActionMask = 2147483647;
			files = (
				F2A5528A27DDEF4500D0D15C /* LaunchScreen.storyboard in Resources */,
				F2A5528727DDEF4500D0D15C /* Assets.xcassets in Resources */,
				F2A5528527DDEF4400D0D15C /* Main.storyboard in Resources */,
			);
			runOnlyForDeploymentPostprocessing = 0;
		};
		F2ECB08827F5ABAC003FD12F /* Resources */ = {
			isa = PBXResourcesBuildPhase;
			buildActionMask = 2147483647;
			files = (
			);
			runOnlyForDeploymentPostprocessing = 0;
		};
/* End PBXResourcesBuildPhase section */

/* Begin PBXSourcesBuildPhase section */
		F2A5527627DDEF4400D0D15C /* Sources */ = {
			isa = PBXSourcesBuildPhase;
			buildActionMask = 2147483647;
			files = (
				F2FCA3DF27F2AD6A00A56E50 /* Colors.swift in Sources */,
				F2A5528227DDEF4400D0D15C /* ViewController.swift in Sources */,
				F223553727E2FD4600CA48EB /* myCollectionViewLayout.swift in Sources */,
				F2926F9F27E1A52E00D14578 /* AppConfig.swift in Sources */,
				F2926FA327E1F53200D14578 /* CollectionViewCell.swift in Sources */,
				F223552B27E2D0D300CA48EB /* Tile.swift in Sources */,
				F223552D27E2D1D100CA48EB /* CollectionViewExtension.swift in Sources */,
				F2A5527E27DDEF4400D0D15C /* AppDelegate.swift in Sources */,
				F2FCA3DB27F2AAD900A56E50 /* Log.swift in Sources */,
				F2C4959627E0B2E40067ED90 /* Board.swift in Sources */,
				F223553027E2DA5600CA48EB /* Player.swift in Sources */,
				F223553227E2DFD900CA48EB /* SnakeAndLadder.swift in Sources */,
				F2A5528027DDEF4400D0D15C /* SceneDelegate.swift in Sources */,
				F287BC2B27E451C500197B8B /* Dice.swift in Sources */,
			);
			runOnlyForDeploymentPostprocessing = 0;
		};
		F2ECB08627F5ABAC003FD12F /* Sources */ = {
			isa = PBXSourcesBuildPhase;
			buildActionMask = 2147483647;
			files = (
				F202073427F6F61A00529E8A /* PlayerTests.swift in Sources */,
				F2ECB09527F5ABC7003FD12F /* DiceTests.swift in Sources */,
			);
			runOnlyForDeploymentPostprocessing = 0;
		};
/* End PBXSourcesBuildPhase section */

/* Begin PBXTargetDependency section */
		F2ECB08F27F5ABAC003FD12F /* PBXTargetDependency */ = {
			isa = PBXTargetDependency;
			target = F2A5527927DDEF4400D0D15C /* SnakesAndLadders */;
			targetProxy = F2ECB08E27F5ABAC003FD12F /* PBXContainerItemProxy */;
		};
/* End PBXTargetDependency section */

/* Begin PBXVariantGroup section */
		F2A5528327DDEF4400D0D15C /* Main.storyboard */ = {
			isa = PBXVariantGroup;
			children = (
				F2A5528427DDEF4400D0D15C /* Base */,
			);
			name = Main.storyboard;
			sourceTree = "<group>";
		};
		F2A5528827DDEF4500D0D15C /* LaunchScreen.storyboard */ = {
			isa = PBXVariantGroup;
			children = (
				F2A5528927DDEF4500D0D15C /* Base */,
			);
			name = LaunchScreen.storyboard;
			sourceTree = "<group>";
		};
/* End PBXVariantGroup section */

/* Begin XCBuildConfiguration section */
		F2A5528C27DDEF4500D0D15C /* Debug */ = {
			isa = XCBuildConfiguration;
			buildSettings = {
				ALWAYS_SEARCH_USER_PATHS = NO;
				CLANG_ANALYZER_NONNULL = YES;
				CLANG_ANALYZER_NUMBER_OBJECT_CONVERSION = YES_AGGRESSIVE;
				CLANG_CXX_LANGUAGE_STANDARD = "gnu++17";
				CLANG_CXX_LIBRARY = "libc++";
				CLANG_ENABLE_MODULES = YES;
				CLANG_ENABLE_OBJC_ARC = YES;
				CLANG_ENABLE_OBJC_WEAK = YES;
				CLANG_WARN_BLOCK_CAPTURE_AUTORELEASING = YES;
				CLANG_WARN_BOOL_CONVERSION = YES;
				CLANG_WARN_COMMA = YES;
				CLANG_WARN_CONSTANT_CONVERSION = YES;
				CLANG_WARN_DEPRECATED_OBJC_IMPLEMENTATIONS = YES;
				CLANG_WARN_DIRECT_OBJC_ISA_USAGE = YES_ERROR;
				CLANG_WARN_DOCUMENTATION_COMMENTS = YES;
				CLANG_WARN_EMPTY_BODY = YES;
				CLANG_WARN_ENUM_CONVERSION = YES;
				CLANG_WARN_INFINITE_RECURSION = YES;
				CLANG_WARN_INT_CONVERSION = YES;
				CLANG_WARN_NON_LITERAL_NULL_CONVERSION = YES;
				CLANG_WARN_OBJC_IMPLICIT_RETAIN_SELF = YES;
				CLANG_WARN_OBJC_LITERAL_CONVERSION = YES;
				CLANG_WARN_OBJC_ROOT_CLASS = YES_ERROR;
				CLANG_WARN_QUOTED_INCLUDE_IN_FRAMEWORK_HEADER = YES;
				CLANG_WARN_RANGE_LOOP_ANALYSIS = YES;
				CLANG_WARN_STRICT_PROTOTYPES = YES;
				CLANG_WARN_SUSPICIOUS_MOVE = YES;
				CLANG_WARN_UNGUARDED_AVAILABILITY = YES_AGGRESSIVE;
				CLANG_WARN_UNREACHABLE_CODE = YES;
				CLANG_WARN__DUPLICATE_METHOD_MATCH = YES;
				COPY_PHASE_STRIP = NO;
				DEBUG_INFORMATION_FORMAT = dwarf;
				ENABLE_STRICT_OBJC_MSGSEND = YES;
				ENABLE_TESTABILITY = YES;
				GCC_C_LANGUAGE_STANDARD = gnu11;
				GCC_DYNAMIC_NO_PIC = NO;
				GCC_NO_COMMON_BLOCKS = YES;
				GCC_OPTIMIZATION_LEVEL = 0;
				GCC_PREPROCESSOR_DEFINITIONS = (
					"DEBUG=1",
					"$(inherited)",
				);
				GCC_WARN_64_TO_32_BIT_CONVERSION = YES;
				GCC_WARN_ABOUT_RETURN_TYPE = YES_ERROR;
				GCC_WARN_UNDECLARED_SELECTOR = YES;
				GCC_WARN_UNINITIALIZED_AUTOS = YES_AGGRESSIVE;
				GCC_WARN_UNUSED_FUNCTION = YES;
				GCC_WARN_UNUSED_VARIABLE = YES;
				IPHONEOS_DEPLOYMENT_TARGET = 15.2;
				MTL_ENABLE_DEBUG_INFO = INCLUDE_SOURCE;
				MTL_FAST_MATH = YES;
				ONLY_ACTIVE_ARCH = YES;
				SDKROOT = iphoneos;
				SWIFT_ACTIVE_COMPILATION_CONDITIONS = DEBUG;
				SWIFT_OPTIMIZATION_LEVEL = "-Onone";
			};
			name = Debug;
		};
		F2A5528D27DDEF4500D0D15C /* Release */ = {
			isa = XCBuildConfiguration;
			buildSettings = {
				ALWAYS_SEARCH_USER_PATHS = NO;
				CLANG_ANALYZER_NONNULL = YES;
				CLANG_ANALYZER_NUMBER_OBJECT_CONVERSION = YES_AGGRESSIVE;
				CLANG_CXX_LANGUAGE_STANDARD = "gnu++17";
				CLANG_CXX_LIBRARY = "libc++";
				CLANG_ENABLE_MODULES = YES;
				CLANG_ENABLE_OBJC_ARC = YES;
				CLANG_ENABLE_OBJC_WEAK = YES;
				CLANG_WARN_BLOCK_CAPTURE_AUTORELEASING = YES;
				CLANG_WARN_BOOL_CONVERSION = YES;
				CLANG_WARN_COMMA = YES;
				CLANG_WARN_CONSTANT_CONVERSION = YES;
				CLANG_WARN_DEPRECATED_OBJC_IMPLEMENTATIONS = YES;
				CLANG_WARN_DIRECT_OBJC_ISA_USAGE = YES_ERROR;
				CLANG_WARN_DOCUMENTATION_COMMENTS = YES;
				CLANG_WARN_EMPTY_BODY = YES;
				CLANG_WARN_ENUM_CONVERSION = YES;
				CLANG_WARN_INFINITE_RECURSION = YES;
				CLANG_WARN_INT_CONVERSION = YES;
				CLANG_WARN_NON_LITERAL_NULL_CONVERSION = YES;
				CLANG_WARN_OBJC_IMPLICIT_RETAIN_SELF = YES;
				CLANG_WARN_OBJC_LITERAL_CONVERSION = YES;
				CLANG_WARN_OBJC_ROOT_CLASS = YES_ERROR;
				CLANG_WARN_QUOTED_INCLUDE_IN_FRAMEWORK_HEADER = YES;
				CLANG_WARN_RANGE_LOOP_ANALYSIS = YES;
				CLANG_WARN_STRICT_PROTOTYPES = YES;
				CLANG_WARN_SUSPICIOUS_MOVE = YES;
				CLANG_WARN_UNGUARDED_AVAILABILITY = YES_AGGRESSIVE;
				CLANG_WARN_UNREACHABLE_CODE = YES;
				CLANG_WARN__DUPLICATE_METHOD_MATCH = YES;
				COPY_PHASE_STRIP = NO;
				DEBUG_INFORMATION_FORMAT = "dwarf-with-dsym";
				ENABLE_NS_ASSERTIONS = NO;
				ENABLE_STRICT_OBJC_MSGSEND = YES;
				GCC_C_LANGUAGE_STANDARD = gnu11;
				GCC_NO_COMMON_BLOCKS = YES;
				GCC_WARN_64_TO_32_BIT_CONVERSION = YES;
				GCC_WARN_ABOUT_RETURN_TYPE = YES_ERROR;
				GCC_WARN_UNDECLARED_SELECTOR = YES;
				GCC_WARN_UNINITIALIZED_AUTOS = YES_AGGRESSIVE;
				GCC_WARN_UNUSED_FUNCTION = YES;
				GCC_WARN_UNUSED_VARIABLE = YES;
				IPHONEOS_DEPLOYMENT_TARGET = 15.2;
				MTL_ENABLE_DEBUG_INFO = NO;
				MTL_FAST_MATH = YES;
				SDKROOT = iphoneos;
				SWIFT_COMPILATION_MODE = wholemodule;
				SWIFT_OPTIMIZATION_LEVEL = "-O";
				VALIDATE_PRODUCT = YES;
			};
			name = Release;
		};
		F2A5528F27DDEF4500D0D15C /* Debug */ = {
			isa = XCBuildConfiguration;
			buildSettings = {
				ASSETCATALOG_COMPILER_APPICON_NAME = AppIcon;
				ASSETCATALOG_COMPILER_GLOBAL_ACCENT_COLOR_NAME = AccentColor;
				CODE_SIGN_STYLE = Automatic;
				CURRENT_PROJECT_VERSION = 1;
				DEVELOPMENT_TEAM = QWMG9ABUKA;
				GENERATE_INFOPLIST_FILE = YES;
				INFOPLIST_FILE = SnakesAndLadders/Info.plist;
				INFOPLIST_KEY_UIApplicationSupportsIndirectInputEvents = YES;
				INFOPLIST_KEY_UILaunchStoryboardName = LaunchScreen;
				INFOPLIST_KEY_UIMainStoryboardFile = Main;
				INFOPLIST_KEY_UIRequiresFullScreen = YES;
				INFOPLIST_KEY_UISupportedInterfaceOrientations = "UIInterfaceOrientationLandscapeLeft UIInterfaceOrientationLandscapeRight";
				INFOPLIST_KEY_UISupportedInterfaceOrientations_iPad = "UIInterfaceOrientationPortrait UIInterfaceOrientationPortraitUpsideDown UIInterfaceOrientationLandscapeLeft UIInterfaceOrientationLandscapeRight";
				INFOPLIST_KEY_UISupportedInterfaceOrientations_iPhone = "UIInterfaceOrientationPortrait UIInterfaceOrientationLandscapeLeft UIInterfaceOrientationLandscapeRight";
				LD_RUNPATH_SEARCH_PATHS = (
					"$(inherited)",
					"@executable_path/Frameworks",
				);
				MARKETING_VERSION = 1.0;
				PRODUCT_BUNDLE_IDENTIFIER = com.digitalamrit.SnakesAndLadders;
				PRODUCT_NAME = "$(TARGET_NAME)";
				SWIFT_EMIT_LOC_STRINGS = YES;
				SWIFT_VERSION = 5.0;
				TARGETED_DEVICE_FAMILY = "1,2";
			};
			name = Debug;
		};
		F2A5529027DDEF4500D0D15C /* Release */ = {
			isa = XCBuildConfiguration;
			buildSettings = {
				ASSETCATALOG_COMPILER_APPICON_NAME = AppIcon;
				ASSETCATALOG_COMPILER_GLOBAL_ACCENT_COLOR_NAME = AccentColor;
				CODE_SIGN_STYLE = Automatic;
				CURRENT_PROJECT_VERSION = 1;
				DEVELOPMENT_TEAM = QWMG9ABUKA;
				GENERATE_INFOPLIST_FILE = YES;
				INFOPLIST_FILE = SnakesAndLadders/Info.plist;
				INFOPLIST_KEY_UIApplicationSupportsIndirectInputEvents = YES;
				INFOPLIST_KEY_UILaunchStoryboardName = LaunchScreen;
				INFOPLIST_KEY_UIMainStoryboardFile = Main;
				INFOPLIST_KEY_UIRequiresFullScreen = YES;
				INFOPLIST_KEY_UISupportedInterfaceOrientations = "UIInterfaceOrientationLandscapeLeft UIInterfaceOrientationLandscapeRight";
				INFOPLIST_KEY_UISupportedInterfaceOrientations_iPad = "UIInterfaceOrientationPortrait UIInterfaceOrientationPortraitUpsideDown UIInterfaceOrientationLandscapeLeft UIInterfaceOrientationLandscapeRight";
				INFOPLIST_KEY_UISupportedInterfaceOrientations_iPhone = "UIInterfaceOrientationPortrait UIInterfaceOrientationLandscapeLeft UIInterfaceOrientationLandscapeRight";
				LD_RUNPATH_SEARCH_PATHS = (
					"$(inherited)",
					"@executable_path/Frameworks",
				);
				MARKETING_VERSION = 1.0;
				PRODUCT_BUNDLE_IDENTIFIER = com.digitalamrit.SnakesAndLadders;
				PRODUCT_NAME = "$(TARGET_NAME)";
				SWIFT_EMIT_LOC_STRINGS = YES;
				SWIFT_VERSION = 5.0;
				TARGETED_DEVICE_FAMILY = "1,2";
			};
			name = Release;
		};
		F2ECB09127F5ABAC003FD12F /* Debug */ = {
			isa = XCBuildConfiguration;
			buildSettings = {
				BUNDLE_LOADER = "$(TEST_HOST)";
				CLANG_ENABLE_MODULES = YES;
				CODE_SIGN_STYLE = Automatic;
				CURRENT_PROJECT_VERSION = 1;
				DEVELOPMENT_TEAM = QWMG9ABUKA;
				GENERATE_INFOPLIST_FILE = YES;
				IPHONEOS_DEPLOYMENT_TARGET = 15.4;
				LD_RUNPATH_SEARCH_PATHS = (
					"$(inherited)",
					"@executable_path/Frameworks",
					"@loader_path/Frameworks",
				);
				MARKETING_VERSION = 1.0;
				PRODUCT_BUNDLE_IDENTIFIER = com.digitalamrit.SnakesAndLaddersTests;
				PRODUCT_NAME = "$(TARGET_NAME)";
				SWIFT_EMIT_LOC_STRINGS = NO;
				SWIFT_OBJC_BRIDGING_HEADER = "SnakesAndLaddersTests/SnakesAndLaddersTests-Bridging-Header.h";
				SWIFT_OPTIMIZATION_LEVEL = "-Onone";
				SWIFT_VERSION = 5.0;
				TARGETED_DEVICE_FAMILY = "1,2";
				TEST_HOST = "$(BUILT_PRODUCTS_DIR)/SnakesAndLadders.app/SnakesAndLadders";
			};
			name = Debug;
		};
		F2ECB09227F5ABAC003FD12F /* Release */ = {
			isa = XCBuildConfiguration;
			buildSettings = {
				BUNDLE_LOADER = "$(TEST_HOST)";
				CLANG_ENABLE_MODULES = YES;
				CODE_SIGN_STYLE = Automatic;
				CURRENT_PROJECT_VERSION = 1;
				DEVELOPMENT_TEAM = QWMG9ABUKA;
				GENERATE_INFOPLIST_FILE = YES;
				IPHONEOS_DEPLOYMENT_TARGET = 15.4;
				LD_RUNPATH_SEARCH_PATHS = (
					"$(inherited)",
					"@executable_path/Frameworks",
					"@loader_path/Frameworks",
				);
				MARKETING_VERSION = 1.0;
				PRODUCT_BUNDLE_IDENTIFIER = com.digitalamrit.SnakesAndLaddersTests;
				PRODUCT_NAME = "$(TARGET_NAME)";
				SWIFT_EMIT_LOC_STRINGS = NO;
				SWIFT_OBJC_BRIDGING_HEADER = "SnakesAndLaddersTests/SnakesAndLaddersTests-Bridging-Header.h";
				SWIFT_VERSION = 5.0;
				TARGETED_DEVICE_FAMILY = "1,2";
				TEST_HOST = "$(BUILT_PRODUCTS_DIR)/SnakesAndLadders.app/SnakesAndLadders";
			};
			name = Release;
		};
/* End XCBuildConfiguration section */

/* Begin XCConfigurationList section */
		F2A5527527DDEF4400D0D15C /* Build configuration list for PBXProject "SnakesAndLadders" */ = {
			isa = XCConfigurationList;
			buildConfigurations = (
				F2A5528C27DDEF4500D0D15C /* Debug */,
				F2A5528D27DDEF4500D0D15C /* Release */,
			);
			defaultConfigurationIsVisible = 0;
			defaultConfigurationName = Release;
		};
		F2A5528E27DDEF4500D0D15C /* Build configuration list for PBXNativeTarget "SnakesAndLadders" */ = {
			isa = XCConfigurationList;
			buildConfigurations = (
				F2A5528F27DDEF4500D0D15C /* Debug */,
				F2A5529027DDEF4500D0D15C /* Release */,
			);
			defaultConfigurationIsVisible = 0;
			defaultConfigurationName = Release;
		};
		F2ECB09027F5ABAC003FD12F /* Build configuration list for PBXNativeTarget "SnakesAndLaddersTests" */ = {
			isa = XCConfigurationList;
			buildConfigurations = (
				F2ECB09127F5ABAC003FD12F /* Debug */,
				F2ECB09227F5ABAC003FD12F /* Release */,
			);
			defaultConfigurationIsVisible = 0;
			defaultConfigurationName = Release;
		};
/* End XCConfigurationList section */
	};
	rootObject = F2A5527227DDEF4400D0D15C /* Project object */;
}
